
Microsoft Visual Studio Solution File, Format Version 12.00
# Visual Studio Version 16
VisualStudioVersion = 16.0.30225.117
MinimumVisualStudioVersion = 10.0.40219.1
Project("{FAE04EC0-301F-11D3-BF4B-00C04F79EFBC}") = "Folrm1", "Folrm1\Folrm1.csproj", "{4D892CA0-3DD6-4E69-85A1-76CED0DCBBA3}"
EndProject
Global
	GlobalSection(SolutionConfigurationPlatforms) = preSolution
		Debug|Any CPU = Debug|Any CPU
		Release|Any CPU = Release|Any CPU
	EndGlobalSection
	GlobalSection(ProjectConfigurationPlatforms) = postSolution
		{4D892CA0-3DD6-4E69-85A1-76CED0DCBBA3}.Debug|Any CPU.ActiveCfg = Debug|Any CPU
		{4D892CA0-3DD6-4E69-85A1-76CED0DCBBA3}.Debug|Any CPU.Build.0 = Debug|Any CPU
		{4D892CA0-3DD6-4E69-85A1-76CED0DCBBA3}.Release|Any CPU.ActiveCfg = Release|Any CPU
		{4D892CA0-3DD6-4E69-85A1-76CED0DCBBA3}.Release|Any CPU.Build.0 = Release|Any CPU
	EndGlobalSection
	GlobalSection(SolutionProperties) = preSolution
		HideSolutionNode = FALSE
	EndGlobalSection
	GlobalSection(ExtensibilityGlobals) = postSolution
		SolutionGuid = {6D049AE9-B94D-4D0D-9650-46172D7D331D}
	EndGlobalSection
EndGlobal
